version = 1
revision = 3
requires-python = ">=3.10"

[[package]]
name = "colorama"
version = "0.4.6"
source = { registry = "https://pypi.org/simple" }
sdist = { url = "https://files.pythonhosted.org/packages/d8/53/6f443c9a4a8358a93a6792e2acffb9d9d5cb0a5cfd8802644b7b1c9a02e4/colorama-0.4.6.tar.gz", hash = "sha256:08695f5cb7ed6e0531a20572697297273c47b8cae5a63ffc6d6ed5c201be6e44", size = 27697, upload-time = "2022-10-25T02:36:22.414Z" }
wheels = [
    { url = "https://files.pythonhosted.org/packages/d1/d6/3965ed04c63042e047cb6a3e6ed1a63a35087b6a609aa3a15ed8ac56c221/colorama-0.4.6-py2.py3-none-any.whl", hash = "sha256:4f1d9991f5acc0ca119f9d443620b77f9d6b33703e51011c16baf57afb285fc6", size = 25335, upload-time = "2022-10-25T02:36:20.889Z" },
]

[[package]]
name = "ephem"
version = "4.2.1"
source = { registry = "https://pypi.org/simple" }
sdist = { url = "https://files.pythonhosted.org/packages/37/f0/a38e882d3c73bb8bcc37a0a27c9a7b8fceb7906312006fb03c01d0a098b3/ephem-4.2.1.tar.gz", hash = "sha256:920cb30369c79fde1088c2060d555ea5f8a50fdc80a9265832fd5bf195cf147f", size = 1261529, upload-time = "2026-02-28T09:48:25.935Z" }
wheels = [
    { url = "https://files.pythonhosted.org/packages/36/87/96732dd3a1446be66fddae1b64fe219d8f9db8e8ff112fb760bf18bcda3f/ephem-4.2.1-cp310-cp310-macosx_10_9_x86_64.whl", hash = "sha256:0d755cd3b3440dc862606997c5860e9e92c5bbede1cb16de517189868cd0431b", size = 1431809, upload-time = "2026-02-28T09:45:56.447Z" },
    { url = "https://files.pythonhosted.org/packages/20/c6/5575e7e897cf08fa1eadb5a085af7575df5ca813792a6eff17e5ebd96b10/ephem-4.2.1-cp310-cp310-macosx_11_0_arm64.whl", hash = "sha256:1c63829dc50343f98d67c5e8772efce16d1793a5a5dfd908bc7d59482a4c3689", size = 1432830, upload-time = "2026-02-28T09:45:57.645Z" },
    { url = "https://files.pythonhosted.org/packages/25/d2/9b62f32ae21db542e800edb793179c96e0814cd0035a1b37fba54e5fe499/ephem-4.2.1-cp310-cp310-manylinux2010_i686.manylinux_2_12_i686.manylinux_2_28_i686.whl", hash = "sha256:82946e302c9cfbf304ef39b48de9ac2957a903061591f2c104d43813566c7595", size = 1764749, upload-time = "2026-02-28T09:45:58.99Z" },
    { url = "https://files.pythonhosted.org/packages/5f/d9/6ddd29e36b0bcf1ecc38062ea8e751f9f8cf73fa40abda3b963d912b21b8/ephem-4.2.1-cp310-cp310-manylinux2014_aarch64.manylinux_2_17_aarch64.manylinux_2_28_aarch64.whl", hash = "sha256:480a0b779ab6e8349aed3b0f8b3a4e0977d10c141dff1ee449efa1cffe504516", size = 1785042, upload-time = "2026-02-28T09:46:00.412Z" },
    { url = "https://files.pythonhosted.org/packages/5b/51/bef3d0f42670e79b9fabe90ec5860a247c7f6f80dbb40b4358449816c76a/ephem-4.2.1-cp310-cp310-manylinux2014_s390x.manylinux_2_17_s390x.manylinux_2_28_s390x.whl", hash = "sha256:9fa0469ef7ba9a44f6cf98a84f94b6ba196a31a1dd586cb56e3b0fd491eb1222", size = 1829683, upload-time = "2026-02-28T09:46:02.041Z" },
    { url = "https://files.pythonhosted.org/packages/19/76/9270bc08174d2c11237d2fae9bd17f62628055d0b389355f5d14a33c93c6/ephem-4.2.1-cp310-cp310-manylinux2014_x86_64.manylinux_2_17_x86_64.manylinux_2_28_x86_64.whl", hash = "sha256:41e2f841e466df9310bd36a40e2870aa8fa11c3095bbd9046dceee9043642688", size = 1780012, upload-time = "2026-02-28T09:46:03.385Z" },
    { url = "https://files.pythonhosted.org/packages/62/5a/a1bf10700b5bf2bbcc19c5814e8afaf41d538d35ba648b30664545b1e435/ephem-4.2.1-cp310-cp310-musllinux_1_2_aarch64.whl", hash = "sha256:75e705b6fa2357ddca2f8c9822d7dd5151ea57abf824686069823995f601c8cb", size = 1782971, upload-time = "2026-02-28T09:46:04.993Z" },
    { url = "https://files.pythonhosted.org/packages/ec/9e/3fc3c945afe9c1d29d6a03fef21dd6702dac3190e5426e2de7ea694e1820/ephem-4.2.1-cp310-cp310-musllinux_1_2_i686.whl", hash = "sha256:d2a691c9fcf91d1c89d79543f497db0961e40bb9bdaef67d29b3002f18fe48f1", size = 1794757, upload-time = "2026-02-28T09:46:06.543Z" },
    { url = "https://files.pythonhosted.org/packages/6d/79/20eb93e41b67e0ba17a61d14faa09db83734dfc76580d00cab63a612a2d1/ephem-4.2.1-cp310-cp310-musllinux_1_2_s390x.whl", hash = "sha256:de6ba146da398f84e32f8e43ed77d3b58a8482fbc91065f02eb35e30452ad602", size = 1812917, upload-time = "2026-02-28T09:46:07.905Z" },
    { url = "https://files.pythonhosted.org/packages/b5/77/73d4f057f01d0335c8ddfd94ac81c4a919c8a0254bd64ae3c1b4d5a416c0/ephem-4.2.1-cp310-cp310-musllinux_1_2_x86_64.whl", hash = "sha256:314d12bd7c0bea470592a93acb39c2d3e0ce655f20a64504551868d0f54a71f6", size = 1779796, upload-time = "2026-02-28T09:46:09.3Z" },
    { url = "https://files.pythonhosted.org/packages/a5/81/4722408f857a1ff51372f673009c7804de922d81ef4fc810ad3add1ef152/ephem-4.2.1-cp310-cp310-win32.whl", hash = "sha256:f731e789a707eff92c23aa766dbab879ca7db014ecb552685211dfd44a05c173", size = 1399611, upload-time = "2026-02-28T09:46:10.463Z" },
    { url = "https://files.pythonhosted.org/packages/c1/46/48a15d321f3610b909d68543f77dc0fa9fb9566e2e8b9ccacacf647439ec/ephem-4.2.1-cp310-cp310-win_amd64.whl", hash = "sha256:5f6db070bbe97e5a20bce35784187bc8b3e83a8b503e5dab603734f742873a4d", size = 1414791, upload-time = "2026-02-28T09:46:11.954Z" },
    { url = "https://files.pythonhosted.org/packages/0d/10/cb34f1872b64b4e1a72e26492013e6c50dd8568c08c9061f1324e1a1f31d/ephem-4.2.1-cp311-cp311-macosx_10_9_x86_64.whl", hash = "sha256:2712e8b855506a47acb9dfb5b57a4dff2336ec398a336b83b75a6357a8a41d90", size = 1431803, upload-time = "2026-02-28T09:46:13.487Z" },
    { url = "https://files.pythonhosted.org/packages/ba/e4/86a44b57e002ac2e51c6264581860ea86ec98a331cbed30fe4ea1edbf22a/ephem-4.2.1-cp311-cp311-macosx_11_0_arm64.whl", hash = "sha256:1c2c173a9757bd25393b7d32a0865fbe85b337e0f83d26244a91b38da423e117", size = 1432830, upload-time = "2026-02-28T09:46:15.101Z" },
    { url = "https://files.pythonhosted.org/packages/76/49/a7499216d76bb4ce154d4f4c38b983ed7f45e9d53793b80ec44364ab4850/ephem-4.2.1-cp311-cp311-manylinux2010_i686.manylinux_2_12_i686.manylinux_2_28_i686.whl", hash = "sha256:e75c418c0f729a62f0eb3036cf502c038be16ac896e721021e4caebbe6b65392", size = 1765322, upload-time = "2026-02-28T09:46:16.552Z" },
    { url = "https://files.pythonhosted.org/packages/03/e1/2f13493d5fe82931e9c2a4bb500abfb9068cbdf121af0250734b301fff02/ephem-4.2.1-cp311-cp311-manylinux2014_aarch64.manylinux_2_17_aarch64.manylinux_2_28_aarch64.whl", hash = "sha256:bded885b77693998500bedb2c67e89b5947f53505eed6567c9aafad9d5434139", size = 1785675, upload-time = "2026-02-28T09:46:19.394Z" },
    { url = "https://files.pythonhosted.org/packages/84/48/93ffeac4aad6225a40e9a7813a877971759b2978d0b3e0400e3b31733bd1/ephem-4.2.1-cp311-cp311-manylinux2014_s390x.manylinux_2_17_s390x.manylinux_2_28_s390x.whl", hash = "sha256:2b122062a85b5fdb862a9e2b7eaf5fe7206356fe72b49041354398494bf8adde", size = 1830089, upload-time = "2026-02-28T09:46:20.956Z" },
    { url = "https://files.pythonhosted.org/packages/7f/50/32091a3a9e65c869f16b1da335273e01dbef2914d793fea340aa82c2c07a/ephem-4.2.1-cp311-cp311-manylinux2014_x86_64.manylinux_2_17_x86_64.manylinux_2_28_x86_64.whl", hash = "sha256:b89e5dc7f10ac5f3042d2ebd3de1f33f315d9c1919481ebad308bf5c0915eef3", size = 1780555, upload-time = "2026-02-28T09:46:22.332Z" },
    { url = "https://files.pythonhosted.org/packages/e8/79/aaffd160408f77273ffb4a713f67df96f7a7673e868edd5a0b53cae79e6c/ephem-4.2.1-cp311-cp311-musllinux_1_2_aarch64.whl", hash = "sha256:bbc30121a967ea101f26d2367fe1d323e18872ddc7e1ddf8125c379554005ec7", size = 1783673, upload-time = "2026-02-28T09:46:23.561Z" },
    { url = "https://files.pythonhosted.org/packages/2a/6b/a583989a43ed4934422bcbeb26450e5a99da2afe25ff673efb6f02bcf834/ephem-4.2.1-cp311-cp311-musllinux_1_2_i686.whl", hash = "sha256:2b9109cb292f3eaadbb9a47ccca136ea5a4717bb8c4374597b4119ce7a3f593e", size = 1795136, upload-time = "2026-02-28T09:46:25.184Z" },
    { url = "https://files.pythonhosted.org/packages/35/b8/d29213513df9e1029520eeb63e10d7f3f25f9263c3264f64e8851391dd42/ephem-4.2.1-cp311-cp311-musllinux_1_2_s390x.whl", hash = "sha256:c65beca42cb406875f8b2df0294544615320654b69494485f16fb986ba223cb9", size = 1813529, upload-time = "2026-02-28T09:46:26.521Z" },
    { url = "https://files.pythonhosted.org/packages/0d/aa/aeab9d02ae1d5e81d4bce50762666653284478814dc8cea985b78f8c8916/ephem-4.2.1-cp311-cp311-musllinux_1_2_x86_64.whl", hash = "sha256:ff2d504ccc229b633443fe6fe7e3a806cf7eabac5a1d3d68e25b753a4b9b8217", size = 1780302, upload-time = "2026-02-28T09:46:27.901Z" },
    { url = "https://files.pythonhosted.org/packages/d3/a2/2ae6f5f70194d8c6489990bef50116349d277978023db127f1d946aa1c46/ephem-4.2.1-cp311-cp311-win32.whl", hash = "sha256:af5b8cb5509f61f874c8429da0b5e4a420be60b99cd5ceb21d6938d948ccb718", size = 1399616, upload-time = "2026-02-28T09:46:29.521Z" },
    { url = "https://files.pythonhosted.org/packages/06/14/0f64f5404916ff8d8dcf6452679431bd1daa2ea4a518a3a6f4e1bc1fa16a/ephem-4.2.1-cp311-cp311-win_amd64.whl", hash = "sha256:42f298da8ce31c541ed0bf1c680d0b53015859bc3a8a99551b880b510bc8cac6", size = 1414794, upload-time = "2026-02-28T09:46:31.198Z" },
    { url = "https://files.pythonhosted.org/packages/b8/59/5849e612e6460c82b36396d91fd63d0126f72bbe9fe2f6a990bd1d03068f/ephem-4.2.1-cp312-cp312-macosx_10_13_x86_64.whl", hash = "sha256:de9b0ed3836f4b2765e0556058e0dcc595c8226f7aa9d0f04f09b5775b792525", size = 1431686, upload-time = "2026-02-28T09:46:32.396Z" },
    { url = "https://files.pythonhosted.org/packages/a1/0f/345f5801f90d1e0888bdaeb0ad23559cd1bcb50841247c90aa5edf243ed4/ephem-4.2.1-cp312-cp312-macosx_11_0_arm64.whl", hash = "sha256:0017a0ff0eac2632943d37b9f12cfea65062e9dc0b3476d17a11319409f0b82f", size = 1433118, upload-time = "2026-02-28T09:46:33.779Z" },
    { url = "https://files.pythonhosted.org/packages/5b/37/f5d55fe605493d4509b35805c0a4b89ffb687fbecd02d58adea398e92344/ephem-4.2.1-cp312-cp312-manylinux2010_i686.manylinux_2_12_i686.manylinux_2_28_i686.whl", hash = "sha256:f3ee0fdb7a0c19d0d4d6043f3f52f216fcf38619783c4ffad285f8f71ec26cd9", size = 1768826, upload-time = "2026-02-28T09:46:35.472Z" },
    { url = "https://files.pythonhosted.org/packages/79/b7/ce41706b23a572f1c9658262ec164eea7e74a2519b866dddf656332f7d88/ephem-4.2.1-cp312-cp312-manylinux2014_aarch64.manylinux_2_17_aarch64.manylinux_2_28_aarch64.whl", hash = "sha256:17c09bc88fca62284bd5f055dc3fcad8a5fc38de35f59f451ade82761512a45f", size = 1788922, upload-time = "2026-02-28T09:46:36.675Z" },
    { url = "https://files.pythonhosted.org/packages/9f/44/a07a6247b5b75e9177e92a1e83076ba9bea62f3d54d0ff25d1597707076c/ephem-4.2.1-cp312-cp312-manylinux2014_s390x.manylinux_2_17_s390x.manylinux_2_28_s390x.whl", hash = "sha256:dd8ec19883545c7ff97fab95035862c37827723eae7135e6d78c32d3ac1b413b", size = 1834037, upload-time = "2026-02-28T09:46:38.055Z" },
    { url = "https://files.pythonhosted.org/packages/1b/b4/116a78a309c975c05f69e6d26208d8e607fb84de8f0fa0090306d3cc63f0/ephem-4.2.1-cp312-cp312-manylinux2014_x86_64.manylinux_2_17_x86_64.manylinux_2_28_x86_64.whl", hash = "sha256:f16ed34b60056eeae3d8afc78ec528981d5a90977e1bc734b9308279eb016791", size = 1784685, upload-time = "2026-02-28T09:46:39.426Z" },
    { url = "https://files.pythonhosted.org/packages/03/be/65d2c768b66b18f9a7f255a3c73963e80001bcb3218af40fe785bc802c31/ephem-4.2.1-cp312-cp312-musllinux_1_2_aarch64.whl", hash = "sha256:5df38b498eaa779385f2422263af0f9688120dee4daddb47f58a03ffd3eaac56", size = 1787128, upload-time = "2026-02-28T09:46:40.751Z" },
    { url = "https://files.pythonhosted.org/packages/64/2d/99d409df0b750036a150a6a7e962811b38c0b02e7f77f30b1aa73bda73ff/ephem-4.2.1-cp312-cp312-musllinux_1_2_i686.whl", hash = "sha256:bd1927af82de44f0c6d6690c3d6ec3a57a619ecdba20706480ffd2b65ee59bec", size = 1798850, upload-time = "2026-02-28T09:46:41.962Z" },
    { url = "https://files.pythonhosted.org/packages/ce/5e/5cf9d592ae14d2a46a0b8429381e0ea1436e62d044ce1031ffe25f4d79b7/ephem-4.2.1-cp312-cp312-musllinux_1_2_s390x.whl", hash = "sha256:05a216cbb739de6c412f447da32f5f613d15c582424dd07d5341cda798cb80f1", size = 1817530, upload-time = "2026-02-28T09:46:44.005Z" },
    { url = "https://files.pythonhosted.org/packages/96/b3/bb285a1a14abdf630939809538dfe92531881492b23e1d108a2ff2ba464e/ephem-4.2.1-cp312-cp312-musllinux_1_2_x86_64.whl", hash = "sha256:9bbda62115c9d1c2d967b6b3b80d4ab3b2c7662c2dfd587ba50fc55a6c48aa80", size = 1784631, upload-time = "2026-02-28T09:46:45.222Z" },
    { url = "https://files.pythonhosted.org/packages/40/4c/5297a1cd52d4b1ab7d96e941ebec2086ffef75e42d4df663900c31691994/ephem-4.2.1-cp312-cp312-win32.whl", hash = "sha256:979b2ef09eb29674ca2742124c1ffc231dcbbcb0fcc7f312b5e70cb7e43a62fc", size = 1399811, upload-time = "2026-02-28T09:46:46.86Z" },
    { url = "https://files.pythonhosted.org/packages/06/b4/f210bbb64fbc59e4d2e72433e767396a3471fde26f49fd56ac6930f36532/ephem-4.2.1-cp312-cp312-win_amd64.whl", hash = "sha256:c35502ba6c87cf1d3ff7ecd3690fadeea39583ef783d7d365037b385d3d72eb0", size = 1414939, upload-time = "2026-02-28T09:46:48.078Z" },
    { url = "https://files.pythonhosted.org/packages/bb/8a/2af7194252902b8f9bd6f282051864d86311b90e846a9f9a6c33798d60a9/ephem-4.2.1-cp313-cp313-macosx_10_13_x86_64.whl", hash = "sha256:19ad36d7a5bf63cd424576ff392d7bd9bf579d903b14ecd98173d577a51051e1", size = 1431651, upload-time = "2026-02-28T09:46:49.335Z" },
    { url = "https://files.pythonhosted.org/packages/ef/3f/d28fb26afacb07c81268a5f7b6a1c2b4a14d0304899c20502205dfccdeaf/ephem-4.2.1-cp313-cp313-macosx_11_0_arm64.whl", hash = "sha256:458637fd487cdc897a86912089086161f042c3525a268245490565255bcf46a0", size = 1433094, upload-time = "2026-02-28T09:46:50.736Z" },
    { url = "https://files.pythonhosted.org/packages/43/b9/008cbb78827b145b7afaa152af6991ba7fc5baa99cf16cf64ec9f0fef9ce/ephem-4.2.1-cp313-cp313-manylinux2010_i686.manylinux_2_12_i686.manylinux_2_28_i686.whl", hash = "sha256:b99bdfa5372d83f43c052c845c05260e9355824dc0a88bbb0b9b4bdd438305fc", size = 1768840, upload-time = "2026-02-28T09:46:52.974Z" },
    { url = "https://files.pythonhosted.org/packages/b4/b2/2e6674089d4eb0e4cc4bde6e30d841ff9bcd2d513deebb4ae41b83eaef84/ephem-4.2.1-cp313-cp313-manylinux2014_aarch64.manylinux_2_17_aarch64.manylinux_2_28_aarch64.whl", hash = "sha256:9ae26bc5abc4073edf6898e5969f3e7b77c47d3c88521177cb3df14fe8963259", size = 1788881, upload-time = "2026-02-28T09:46:54.655Z" },
    { url = "https://files.pythonhosted.org/packages/b9/b5/c04ddeea27c093146d064c994bd795ce5244533b839ef7ccfe35850fb289/ephem-4.2.1-cp313-cp313-manylinux2014_s390x.manylinux_2_17_s390x.manylinux_2_28_s390x.whl", hash = "sha256:078894d72e38cfaee8d00959d6720506af61c0fba5ef42f9e2ea1528296a4320", size = 1834059, upload-time = "2026-02-28T09:46:56.083Z" },
    { url = "https://files.pythonhosted.org/packages/53/1c/c7149f3be5e9852316907621e6d6e2f8833b2044c12f041157495eb74358/ephem-4.2.1-cp313-cp313-manylinux2014_x86_64.manylinux_2_17_x86_64.manylinux_2_28_x86_64.whl", hash = "sha256:3b37ef161ca287f025c7c299b612fbb7e83530840c938d06a61fcd7889a66db5", size = 1784679, upload-time = "2026-02-28T09:46:57.908Z" },
    { url = "https://files.pythonhosted.org/packages/eb/54/3f8575295de6c07b151d73dfa4d7ed0dd3efe6a02b7b633fbd74381e13d2/ephem-4.2.1-cp313-cp313-musllinux_1_2_aarch64.whl", hash = "sha256:5e9934d309fb3c6d79373259b2a9fc71874a512b90d61523e334720805b6fa5c", size = 1787191, upload-time = "2026-02-28T09:46:59.71Z" },
    { url = "https://files.pythonhosted.org/packages/0d/72/b961fa4b1efb39ac0021e1e31fb3c0a6c5fad45d7fde4908748252e2ac17/ephem-4.2.1-cp313-cp313-musllinux_1_2_i686.whl", hash = "sha256:5530ca3c85a22d31838844427b96abcbe96da6048b6e83a675a5bcc23e5af43c", size = 1798895, upload-time = "2026-02-28T09:47:01.067Z" },
    { url = "https://files.pythonhosted.org/packages/74/ce/93ad503431136611187a60c986441510cd69908add782003526e0d7bb24b/ephem-4.2.1-cp313-cp313-musllinux_1_2_s390x.whl", hash = "sha256:61e38e2affe676fc9f9a8fbd4f575f05ca7db4f87a6e5fc589a09c14fe68850e", size = 1817637, upload-time = "2026-02-28T09:47:02.712Z" },
    { url = "https://files.pythonhosted.org/packages/59/ff/fbcd7a7795741e5770c73b39dd1318215b357f6e8d503233ca3b3fb10437/ephem-4.2.1-cp313-cp313-musllinux_1_2_x86_64.whl", hash = "sha256:46427d35a2fbf4a95fcf6de9d36dc0a29e49b96a63654856285f0262c4082fc7", size = 1784648, upload-time = "2026-02-28T09:47:04.151Z" },
    { url = "https://files.pythonhosted.org/packages/8f/c9/340dd18a288ecdf079ae15711a84d8fb82bad63dc7f1e985b88aeaeea81c/ephem-4.2.1-cp313-cp313-win32.whl", hash = "sha256:a075014299467d29598019fb11972a8f3f476d28962987231b24a234ea8764f2", size = 1399821, upload-time = "2026-02-28T09:47:06.162Z" },
    { url = "https://files.pythonhosted.org/packages/57/70/323fd7145e7a9abb4878c1abb5822b9578db3fa4d8d952806941d7c7910d/ephem-4.2.1-cp313-cp313-win_amd64.whl", hash = "sha256:f22a797ab3658f5f1ae56dd32627e9ef4766aa3e9dbddc817cbb2741893a8a28", size = 1414942, upload-time = "2026-02-28T09:47:07.781Z" },
    { url = "https://files.pythonhosted.org/packages/9d/42/0a94728aaf67b9bb7ee2f0f300380ebaea3362f188c1d9956c0d88ada6ec/ephem-4.2.1-cp314-cp314-macosx_10_15_x86_64.whl", hash = "sha256:6aa46747d0866afcaf64c25855546ecbeccb58456a93b368c963a8e18e414794", size = 1431765, upload-time = "2026-02-28T09:47:09.229Z" },
    { url = "https://files.pythonhosted.org/packages/45/45/e3528adb5e496b4f2c6853313b4bb65f3ea665b41cd4553847ece39040f1/ephem-4.2.1-cp314-cp314-macosx_11_0_arm64.whl", hash = "sha256:8339dcc7187c99b169d3b0f650b9e1f1047f6d7687bda025acbdeb049ae3e9a2", size = 1433099, upload-time = "2026-02-28T09:47:11.941Z" },
    { url = "https://files.pythonhosted.org/packages/1f/aa/e8b86b27357eafbbdc15ab315014c15651c9009d504d73b9e1fab7ac7062/ephem-4.2.1-cp314-cp314-manylinux2010_i686.manylinux_2_12_i686.manylinux_2_28_i686.whl", hash = "sha256:560a417a4252f4c77a8ebc325a081c684f24c2287f82579ee4eb62d382dcfa89", size = 1769064, upload-time = "2026-02-28T09:47:13.632Z" },
    { url = "https://files.pythonhosted.org/packages/38/28/971ada8acdf52afafb1866cc474dba1cc3deb631f7092e7dc10faba88198/ephem-4.2.1-cp314-cp314-manylinux2014_aarch64.manylinux_2_17_aarch64.manylinux_2_28_aarch64.whl", hash = "sha256:9ce6b0b076b18e9b7a7a9ff5f37573455849079ec232eae0419c172304e7d2aa", size = 1788690, upload-time = "2026-02-28T09:47:15.182Z" },
    { url = "https://files.pythonhosted.org/packages/c1/b3/75194b704da47e649a449d7797ce78f18b3147dfee761fa7dea83eb23fd9/ephem-4.2.1-cp314-cp314-manylinux2014_s390x.manylinux_2_17_s390x.manylinux_2_28_s390x.whl", hash = "sha256:ec91aa7735a10bfd8a4f79afb39567500483a1b5812a3ba675fb10abb5aa95d1", size = 1833795, upload-time = "2026-02-28T09:47:16.993Z" },
    { url = "https://files.pythonhosted.org/packages/e0/c8/578499dc1383ddec58a79be525e54d47a23210c8147a65610ee7cf477406/ephem-4.2.1-cp314-cp314-manylinux2014_x86_64.manylinux_2_17_x86_64.manylinux_2_28_x86_64.whl", hash = "sha256:3610fd501549fe8e29417ecd9fecdbe19e1bc416bd76ee24e40ae81ce3049760", size = 1784463, upload-time = "2026-02-28T09:47:18.323Z" },
    { url = "https://files.pythonhosted.org/packages/8c/21/c76b805d70df3e45cf4795ec19bdb91b0fe42d473b56ea8c80f7706af1f6/ephem-4.2.1-cp314-cp314-musllinux_1_2_aarch64.whl", hash = "sha256:27b8d6893cc47765ab55b2eb4f4bad97b8ffa844ff6b67b0dcad44e48d0b6e77", size = 1786832, upload-time = "2026-02-28T09:47:19.687Z" },
    { url = "https://files.pythonhosted.org/packages/66/1e/79e7eb46c1bda35187a4cacc767f3d6707247a4afc759981c3c69ed6af6b/ephem-4.2.1-cp314-cp314-musllinux_1_2_i686.whl", hash = "sha256:e29c7aabcc32af070d99fd7a2268e7c854d7b68df3414133b5581eb9996939ce", size = 1799002, upload-time = "2026-02-28T09:47:21.594Z" },
    { url = "https://files.pythonhosted.org/packages/61/ef/6ab516d889986a7c16731f9b7a89a9a689ca9a3196dc544d187f2f82f9da/ephem-4.2.1-cp314-cp314-musllinux_1_2_s390x.whl", hash = "sha256:b831567c5db7b101e9e647cfac38da458f48b4c66bee949cff11a875f260d153", size = 1817236, upload-time = "2026-02-28T09:47:22.97Z" },
    { url = "https://files.pythonhosted.org/packages/4c/12/9c4d2014ddad6a9c4e3a7cc43ed9f9585d60a04475dc47b8822b78fbb3dd/ephem-4.2.1-cp314-cp314-musllinux_1_2_x86_64.whl", hash = "sha256:7359e573798357318738f628660946e4cee89f39e84940264e428504d541921b", size = 1784500, upload-time = "2026-02-28T09:47:24.319Z" },
    { url = "https://files.pythonhosted.org/packages/47/b5/59b5554ba2f8a850a65e3beb52cf290b4616e2e94827261b3a3b826e1ac4/ephem-4.2.1-cp314-cp314-win32.whl", hash = "sha256:c0bc8c928b7ef10167b7a2f2f20c7ee079c3b988b9a3a943bda123949acef79f", size = 1406790, upload-time = "2026-02-28T09:47:25.96Z" },
    { url = "https://files.pythonhosted.org/packages/ec/a1/a40f57eae2589933943369d0aa4de024fbba18f5689c06c5f012b59627de/ephem-4.2.1-cp314-cp314-win_amd64.whl", hash = "sha256:936d7a8745fbb18869e238d541f027cd7fc086e3fdfb826cb76fcfb4bed3e35a", size = 1423041, upload-time = "2026-02-28T09:47:27.286Z" },
    { url = "https://files.pythonhosted.org/packages/84/bb/55932750261f35d84c944941dff761112eb9582b608b314fd8c4b87e89a9/ephem-4.2.1-cp314-cp314t-macosx_10_15_x86_64.whl", hash = "sha256:1e5806b5a633fb25480486d5419604e82a6932f9f9e6855f1e07da852b8de570", size = 1432847, upload-time = "2026-02-28T09:47:28.603Z" },
    { url = "https://files.pythonhosted.org/packages/d1/8e/c6bbb724f1a51ec79dc9c167dfde27246095abecdf45057fc6de50822e94/ephem-4.2.1-cp314-cp314t-macosx_11_0_arm64.whl", hash = "sha256:5ad67a86ffeeda5173d88b04b9477b5ca3e78331acc168a084d18779452c0f7a", size = 1433840, upload-time = "2026-02-28T09:47:30.009Z" },
    { url = "https://files.pythonhosted.org/packages/0c/2e/84b07818630298656dbae0c95c0e99b89ff98d6a87daf9819a5c5aee191b/ephem-4.2.1-cp314-cp314t-manylinux2010_i686.manylinux_2_12_i686.manylinux_2_28_i686.whl", hash = "sha256:2b8792e60114a07253160e81b63f28b3c021f4a5dfbee91a6db526965bdc039f", size = 1782457, upload-time = "2026-02-28T09:47:31.827Z" },
    { url = "https://files.pythonhosted.org/packages/be/fc/357df051cdc848b482c823f18dc94632d40717c64fc0068d79b91cf12f75/ephem-4.2.1-cp314-cp314t-manylinux2014_aarch64.manylinux_2_17_aarch64.manylinux_2_28_aarch64.whl", hash = "sha256:7812f16600ecec6d7b21194a38948ea3a0c406332481375e735924a3f82f5e29", size = 1804033, upload-time = "2026-02-28T09:47:33.19Z" },
    { url = "https://files.pythonhosted.org/packages/72/cc/4348e26e0ba41a5e5e6e4ecc1fca81ceaccc656c9ad3d4251c301bf34d78/ephem-4.2.1-cp314-cp314t-manylinux2014_s390x.manylinux_2_17_s390x.manylinux_2_28_s390x.whl", hash = "sha256:e020cb6976ff3badb303bc55026366fa3886280f15f6d4d46c52fa36356fe16b", size = 1847470, upload-time = "2026-02-28T09:47:34.926Z" },
    { url = "https://files.pythonhosted.org/packages/a4/9c/77f0007679d0de12372db61d863bee604441b4827b27dbcbed07f48a815c/ephem-4.2.1-cp314-cp314t-manylinux2014_x86_64.manylinux_2_17_x86_64.manylinux_2_28_x86_64.whl", hash = "sha256:788e61fa779c54e6dd745f57adaeeff14eda2b8dd737ef578af6ac8415d31a48", size = 1796560, upload-time = "2026-02-28T09:47:36.363Z" },
    { url = "https://files.pythonhosted.org/packages/68/6f/30751b504be2c55b9a2a77f678003f0e065554d1f2f75f3ec85162f2ccd0/ephem-4.2.1-cp314-cp314t-musllinux_1_2_aarch64.whl", hash = "sha256:e8c6598443375f119c9f7c586f3198c6ac60a38bac3fbc08781c55c8e102cbba", size = 1800619, upload-time = "2026-02-28T09:47:37.755Z" },
    { url = "https://files.pythonhosted.org/packages/fa/79/49981b3ad843f2180a17ea6f89874ff5ec4d26b6d6fad754be4cbaf97d13/ephem-4.2.1-cp314-cp314t-musllinux_1_2_i686.whl", hash = "sha256:d62cea09046153052cc15c85938fadf7648a7c8b1133d729b76f20d4cabcfefc", size = 1811800, upload-time = "2026-02-28T09:47:39.506Z" },
    { url = "https://files.pythonhosted.org/packages/16/c9/235acf25dfa74e041a4d95b3fbe6835ddd152d6479ebb762da31818bee09/ephem-4.2.1-cp314-cp314t-musllinux_1_2_s390x.whl", hash = "sha256:bfdcc68b2a5ac84305d792ca8ffac23bed0b5be21edbf45b33dd00423f7a6fdb", size = 1829542, upload-time = "2026-02-28T09:47:41.284Z" },
    { url = "https://files.pythonhosted.org/packages/0e/70/429ee91d941b4969571fca658f3350eb5e217f04e4aa9bc295b77613ec3b/ephem-4.2.1-cp314-cp314t-musllinux_1_2_x86_64.whl", hash = "sha256:15bc51d5c926b65ec15742042de79f6181a979809a6f9da1bd8d6abfb23415b7", size = 1795831, upload-time = "2026-02-28T09:47:42.703Z" },
    { url = "https://files.pythonhosted.org/packages/9b/92/cc35c78c00894e64d312960507ee84c9fa76919ffca28a7f92ffa59bda20/ephem-4.2.1-cp314-cp314t-win32.whl", hash = "sha256:ce86665355d88e4e7ccc3b9e9c74905a2c6ad51c27433e5c98371a7ea38ad502", size = 1407887, upload-time = "2026-02-28T09:47:44.374Z" },
    { url = "https://files.pythonhosted.org/packages/da/c8/b0f1788a6a87a0a18e799b73486329f33f0ae4c152d62bca46476e76fc35/ephem-4.2.1-cp314-cp314t-win_amd64.whl", hash = "sha256:c4e6e15dc6ccc22504e27aea58a06f8308fd7eb007947d16dfcea6a3aec28b4d", size = 1424698, upload-time = "2026-02-28T09:47:46.38Z" },
]

[[package]]
name = "exceptiongroup"
version = "1.3.1"
source = { registry = "https://pypi.org/simple" }
dependencies = [
    { name = "typing-extensions" },
]
sdist = { url = "https://files.pythonhosted.org/packages/50/79/66800aadf48771f6b62f7eb014e352e5d06856655206165d775e675a02c9/exceptiongroup-1.3.1.tar.gz", hash = "sha256:8b412432c6055b0b7d14c310000ae93352ed6754f70fa8f7c34141f91c4e3219", size = 30371, upload-time = "2025-11-21T23:01:54.787Z" }
wheels = [
    { url = "https://files.pythonhosted.org/packages/8a/0e/97c33bf5009bdbac74fd2beace167cab3f978feb69cc36f1ef79360d6c4e/exceptiongroup-1.3.1-py3-none-any.whl", hash = "sha256:a7a39a3bd276781e98394987d3a5701d0c4edffb633bb7a5144577f82c773598", size = 16740, upload-time = "2025-11-21T23:01:53.443Z" },
]

[[package]]
name = "iniconfig"
version = "2.3.0"
source = { registry = "https://pypi.org/simple" }
sdist = { url = "https://files.pythonhosted.org/packages/72/34/14ca021ce8e5dfedc35312d08ba8bf51fdd999c576889fc2c24cb97f4f10/iniconfig-2.3.0.tar.gz", hash = "sha256:c76315c77db068650d49c5b56314774a7804df16fee4402c1f19d6d15d8c4730", size = 20503, upload-time = "2025-10-18T21:55:43.219Z" }
wheels = [
    { url = "https://files.pythonhosted.org/packages/cb/b1/3846dd7f199d53cb17f49cba7e651e9ce294d8497c8c150530ed11865bb8/iniconfig-2.3.0-py3-none-any.whl", hash = "sha256:f631c04d2c48c52b84d0d0549c99ff3859c98df65b3101406327ecc7d53fbf12", size = 7484, upload-time = "2025-10-18T21:55:41.639Z" },
]

[[package]]
name = "liuren-core"
version = "0.0.1"
source = { editable = "." }

[package.dev-dependencies]
dev = [
    { name = "ephem" },
    { name = "pytest" },
]

[package.metadata]

[package.metadata.requires-dev]
dev = [
    { name = "ephem", specifier = ">=4.2.1" },
    { name = "pytest", specifier = ">=8" },
]

[[package]]
name = "packaging"
version = "26.3"
source = { registry = "https://pypi.org/simple" }
sdist = { url = "https://files.pythonhosted.org/packages/7d/fa/3944b40b07da9ce895c0e6303a5ab7d53da063554f534556b134a54d6093/packaging-26.3.tar.gz", hash = "sha256:94edc256424af38762eb31306eed28beb9f0efc50a8837492c9d6fd6004aed79", size = 313412, upload-time = "2026-08-04T18:15:28.737Z" }
wheels = [
    { url = "https://files.pythonhosted.org/packages/63/34/ba1c580383c9eada3711951fef0795c80b829a078d72188184bcab9dd527/packaging-26.3-py3-none-any.whl", hash = "sha256:d7193f7c8e4e93f444fde0262bf90af30e16fa0ad0ad44cb553c87339b23cd1c", size = 129956, upload-time = "2026-08-04T18:15:27.159Z" },
]

[[package]]
name = "pluggy"
version = "1.6.0"
source = { registry = "https://pypi.org/simple" }
sdist = { url = "https://files.pythonhosted.org/packages/f9/e2/3e91f31a7d2b083fe6ef3fa267035b518369d9511ffab804f839851d2779/pluggy-1.6.0.tar.gz", hash = "sha256:7dcc130b76258d33b90f61b658791dede3486c3e6bfb003ee5c9bfb396dd22f3", size = 69412, upload-time = "2025-05-15T12:30:07.975Z" }
wheels = [
    { url = "https://files.pythonhosted.org/packages/54/20/4d324d65cc6d9205fabedc306948156824eb9f0ee1633355a8f7ec5c66bf/pluggy-1.6.0-py3-none-any.whl", hash = "sha256:e920276dd6813095e9377c0bc5566d94c932c33b27a3e3945d8389c374dd4746", size = 20538, upload-time = "2025-05-15T12:30:06.134Z" },
]

[[package]]
name = "pygments"
version = "2.21.0"
source = { registry = "https://pypi.org/simple" }
sdist = { url = "https://files.pythonhosted.org/packages/49/2e/ced460408999b33da6b31b0021b0f37d329e202d4169aeb164493778f25b/pygments-2.21.0.tar.gz", hash = "sha256:610ca751c9bc2492b38eb9a38a7fbc93edbbb2d7182edaf34e66ae493dee5c8c", size = 5005329, upload-time = "2026-08-17T08:02:48.824Z" }
wheels = [
    { url = "https://files.pythonhosted.org/packages/71/46/17f022dd3e953bf20a04a028a21ec746d942f8d2af30fa0f124fa0e6a684/pygments-2.21.0-py3-none-any.whl", hash = "sha256:2363c69b61c4a97c838da3b130dcd6468f4848992b21a82f2a63ec34377137d9", size = 1250147, upload-time = "2026-08-17T08:02:44.912Z" },
]

[[package]]
name = "pytest"
version = "9.1.1"
source = { registry = "https://pypi.org/simple" }
dependencies = [
    { name = "colorama", marker = "sys_platform == 'win32'" },
    { name = "exceptiongroup", marker = "python_full_version < '3.11'" },
    { name = "iniconfig" },
    { name = "packaging" },
    { name = "pluggy" },
    { name = "pygments" },
    { name = "tomli", marker = "python_full_version < '3.11'" },
]
sdist = { url = "https://files.pythonhosted.org/packages/e4/47/b9efed96c114afcfa3c9d3fe98a76a1d14c74a9e266d397cf6eb64be5e01/pytest-9.1.1.tar.gz", hash = "sha256:1088fbde8f2b49d95a549a195707afa7a76a3ce9bcadc26b6d71f0ffda5fe313", size = 1636369, upload-time = "2026-06-19T10:58:32.857Z" }
wheels = [
    { url = "https://files.pythonhosted.org/packages/24/25/1de2678b631f5a49215c6c96fff41ba892b0a34df68d6d80292b1b48aa7f/pytest-9.1.1-py3-none-any.whl", hash = "sha256:37a86b45efb9a47a61a36449063e8e18d0cab3161329fc099eb21783169c4f0c", size = 386536, upload-time = "2026-06-19T10:58:31.347Z" },
]

[[package]]
name = "tomli"
version = "2.4.1"
source = { registry = "https://pypi.org/simple" }
sdist = { url = "https://files.pythonhosted.org/packages/22/de/48c59722572767841493b26183a0d1cc411d54fd759c5607c4590b6563a6/tomli-2.4.1.tar.gz", hash = "sha256:7c7e1a961a0b2f2472c1ac5b69affa0ae1132c39adcb67aba98568702b9cc23f", size = 17543, upload-time = "2026-03-25T20:22:03.828Z" }
wheels = [
    { url = "https://files.pythonhosted.org/packages/f4/11/db3d5885d8528263d8adc260bb2d28ebf1270b96e98f0e0268d32b8d9900/tomli-2.4.1-cp311-cp311-macosx_10_9_x86_64.whl", hash = "sha256:f8f0fc26ec2cc2b965b7a3b87cd19c5c6b8c5e5f436b984e85f486d652285c30", size = 154704, upload-time = "2026-03-25T20:21:10.473Z" },
    { url = "https://files.pythonhosted.org/packages/6d/f7/675db52c7e46064a9aa928885a9b20f4124ecb9bc2e1ce74c9106648d202/tomli-2.4.1-cp311-cp311-macosx_11_0_arm64.whl", hash = "sha256:4ab97e64ccda8756376892c53a72bd1f964e519c77236368527f758fbc36a53a", size = 149454, upload-time = "2026-03-25T20:21:12.036Z" },
    { url = "https://files.pythonhosted.org/packages/61/71/81c50943cf953efa35bce7646caab3cf457a7d8c030b27cfb40d7235f9ee/tomli-2.4.1-cp311-cp311-manylinux2014_aarch64.manylinux_2_17_aarch64.manylinux_2_28_aarch64.whl", hash = "sha256:96481a5786729fd470164b47cdb3e0e58062a496f455ee41b4403be77cb5a076", size = 237561, upload-time = "2026-03-25T20:21:13.098Z" },
    { url = "https://files.pythonhosted.org/packages/48/c1/f41d9cb618acccca7df82aaf682f9b49013c9397212cb9f53219e3abac37/tomli-2.4.1-cp311-cp311-manylinux2014_x86_64.manylinux_2_17_x86_64.manylinux_2_28_x86_64.whl", hash = "sha256:5a881ab208c0baf688221f8cecc5401bd291d67e38a1ac884d6736cbcd8247e9", size = 243824, upload-time = "2026-03-25T20:21:14.569Z" },
    { url = "https://files.pythonhosted.org/packages/22/e4/5a816ecdd1f8ca51fb756ef684b90f2780afc52fc67f987e3c61d800a46d/tomli-2.4.1-cp311-cp311-musllinux_1_2_aarch64.whl", hash = "sha256:47149d5bd38761ac8be13a84864bf0b7b70bc051806bc3669ab1cbc56216b23c", size = 242227, upload-time = "2026-03-25T20:21:15.712Z" },
    { url = "https://files.pythonhosted.org/packages/6b/49/2b2a0ef529aa6eec245d25f0c703e020a73955ad7edf73e7f54ddc608aa5/tomli-2.4.1-cp311-cp311-musllinux_1_2_x86_64.whl", hash = "sha256:ec9bfaf3ad2df51ace80688143a6a4ebc09a248f6ff781a9945e51937008fcbc", size = 247859, upload-time = "2026-03-25T20:21:17.001Z" },
    { url = "https://files.pythonhosted.org/packages/83/bd/6c1a630eaca337e1e78c5903104f831bda934c426f9231429396ce3c3467/tomli-2.4.1-cp311-cp311-win32.whl", hash = "sha256:ff2983983d34813c1aeb0fa89091e76c3a22889ee83ab27c5eeb45100560c049", size = 97204, upload-time = "2026-03-25T20:21:18.079Z" },
    { url = "https://files.pythonhosted.org/packages/42/59/71461df1a885647e10b6bb7802d0b8e66480c61f3f43079e0dcd315b3954/tomli-2.4.1-cp311-cp311-win_amd64.whl", hash = "sha256:5ee18d9ebdb417e384b58fe414e8d6af9f4e7a0ae761519fb50f721de398dd4e", size = 108084, upload-time = "2026-03-25T20:21:18.978Z" },
    { url = "https://files.pythonhosted.org/packages/b8/83/dceca96142499c069475b790e7913b1044c1a4337e700751f48ed723f883/tomli-2.4.1-cp311-cp311-win_arm64.whl", hash = "sha256:c2541745709bad0264b7d4705ad453b76ccd191e64aa6f0fc66b69a293a45ece", size = 95285, upload-time = "2026-03-25T20:21:20.309Z" },
    { url = "https://files.pythonhosted.org/packages/c1/ba/42f134a3fe2b370f555f44b1d72feebb94debcab01676bf918d0cb70e9aa/tomli-2.4.1-cp312-cp312-macosx_10_13_x86_64.whl", hash = "sha256:c742f741d58a28940ce01d58f0ab2ea3ced8b12402f162f4d534dfe18ba1cd6a", size = 155924, upload-time = "2026-03-25T20:21:21.626Z" },
    { url = "https://files.pythonhosted.org/packages/dc/c7/62d7a17c26487ade21c5422b646110f2162f1fcc95980ef7f63e73c68f14/tomli-2.4.1-cp312-cp312-macosx_11_0_arm64.whl", hash = "sha256:7f86fd587c4ed9dd76f318225e7d9b29cfc5a9d43de44e5754db8d1128487085", size = 150018, upload-time = "2026-03-25T20:21:23.002Z" },
    { url = "https://files.pythonhosted.org/packages/5c/05/79d13d7c15f13bdef410bdd49a6485b1c37d28968314eabee452c22a7fda/tomli-2.4.1-cp312-cp312-manylinux2014_aarch64.manylinux_2_17_aarch64.manylinux_2_28_aarch64.whl", hash = "sha256:ff18e6a727ee0ab0388507b89d1bc6a22b138d1e2fa56d1ad494586d61d2eae9", size = 244948, upload-time = "2026-03-25T20:21:24.04Z" },
    { url = "https://files.pythonhosted.org/packages/10/90/d62ce007a1c80d0b2c93e02cab211224756240884751b94ca72df8a875ca/tomli-2.4.1-cp312-cp312-manylinux2014_x86_64.manylinux_2_17_x86_64.manylinux_2_28_x86_64.whl", hash = "sha256:136443dbd7e1dee43c68ac2694fde36b2849865fa258d39bf822c10e8068eac5", size = 253341, upload-time = "2026-03-25T20:21:25.177Z" },
    { url = "https://files.pythonhosted.org/packages/1a/7e/caf6496d60152ad4ed09282c1885cca4eea150bfd007da84aea07bcc0a3e/tomli-2.4.1-cp312-cp312-musllinux_1_2_aarch64.whl", hash = "sha256:5e262d41726bc187e69af7825504c933b6794dc3fbd5945e41a79bb14c31f585", size = 248159, upload-time = "2026-03-25T20:21:26.364Z" },
    { url = "https://files.pythonhosted.org/packages/99/e7/c6f69c3120de34bbd882c6fba7975f3d7a746e9218e56ab46a1bc4b42552/tomli-2.4.1-cp312-cp312-musllinux_1_2_x86_64.whl", hash = "sha256:5cb41aa38891e073ee49d55fbc7839cfdb2bc0e600add13874d048c94aadddd1", size = 253290, upload-time = "2026-03-25T20:21:27.46Z" },
    { url = "https://files.pythonhosted.org/packages/d6/2f/4a3c322f22c5c66c4b836ec58211641a4067364f5dcdd7b974b4c5da300c/tomli-2.4.1-cp312-cp312-win32.whl", hash = "sha256:da25dc3563bff5965356133435b757a795a17b17d01dbc0f42fb32447ddfd917", size = 98141, upload-time = "2026-03-25T20:21:28.492Z" },
    { url = "https://files.pythonhosted.org/packages/24/22/4daacd05391b92c55759d55eaee21e1dfaea86ce5c571f10083360adf534/tomli-2.4.1-cp312-cp312-win_amd64.whl", hash = "sha256:52c8ef851d9a240f11a88c003eacb03c31fc1c9c4ec64a99a0f922b93874fda9", size = 108847, upload-time = "2026-03-25T20:21:29.386Z" },
    { url = "https://files.pythonhosted.org/packages/68/fd/70e768887666ddd9e9f5d85129e84910f2db2796f9096aa02b721a53098d/tomli-2.4.1-cp312-cp312-win_arm64.whl", hash = "sha256:f758f1b9299d059cc3f6546ae2af89670cb1c4d48ea29c3cacc4fe7de3058257", size = 95088, upload-time = "2026-03-25T20:21:30.677Z" },
    { url = "https://files.pythonhosted.org/packages/07/06/b823a7e818c756d9a7123ba2cda7d07bc2dd32835648d1a7b7b7a05d848d/tomli-2.4.1-cp313-cp313-macosx_10_13_x86_64.whl", hash = "sha256:36d2bd2ad5fb9eaddba5226aa02c8ec3fa4f192631e347b3ed28186d43be6b54", size = 155866, upload-time = "2026-03-25T20:21:31.65Z" },
    { url = "https://files.pythonhosted.org/packages/14/6f/12645cf7f08e1a20c7eb8c297c6f11d31c1b50f316a7e7e1e1de6e2e7b7e/tomli-2.4.1-cp313-cp313-macosx_11_0_arm64.whl", hash = "sha256:eb0dc4e38e6a1fd579e5d50369aa2e10acfc9cace504579b2faabb478e76941a", size = 149887, upload-time = "2026-03-25T20:21:33.028Z" },
    { url = "https://files.pythonhosted.org/packages/5c/e0/90637574e5e7212c09099c67ad349b04ec4d6020324539297b634a0192b0/tomli-2.4.1-cp313-cp313-manylinux2014_aarch64.manylinux_2_17_aarch64.manylinux_2_28_aarch64.whl", hash = "sha256:c7f2c7f2b9ca6bdeef8f0fa897f8e05085923eb091721675170254cbc5b02897", size = 243704, upload-time = "2026-03-25T20:21:34.51Z" },
    { url = "https://files.pythonhosted.org/packages/10/8f/d3ddb16c5a4befdf31a23307f72828686ab2096f068eaf56631e136c1fdd/tomli-2.4.1-cp313-cp313-manylinux2014_x86_64.manylinux_2_17_x86_64.manylinux_2_28_x86_64.whl", hash = "sha256:f3c6818a1a86dd6dca7ddcaaf76947d5ba31aecc28cb1b67009a5877c9a64f3f", size = 251628, upload-time = "2026-03-25T20:21:36.012Z" },
    { url = "https://files.pythonhosted.org/packages/e3/f1/dbeeb9116715abee2485bf0a12d07a8f31af94d71608c171c45f64c0469d/tomli-2.4.1-cp313-cp313-musllinux_1_2_aarch64.whl", hash = "sha256:d312ef37c91508b0ab2cee7da26ec0b3ed2f03ce12bd87a588d771ae15dcf82d", size = 247180, upload-time = "2026-03-25T20:21:37.136Z" },
    { url = "https://files.pythonhosted.org/packages/d3/74/16336ffd19ed4da28a70959f92f506233bd7cfc2332b20bdb01591e8b1d1/tomli-2.4.1-cp313-cp313-musllinux_1_2_x86_64.whl", hash = "sha256:51529d40e3ca50046d7606fa99ce3956a617f9b36380da3b7f0dd3dd28e68cb5", size = 251674, upload-time = "2026-03-25T20:21:38.298Z" },
    { url = "https://files.pythonhosted.org/packages/16/f9/229fa3434c590ddf6c0aa9af64d3af4b752540686cace29e6281e3458469/tomli-2.4.1-cp313-cp313-win32.whl", hash = "sha256:2190f2e9dd7508d2a90ded5ed369255980a1bcdd58e52f7fe24b8162bf9fedbd", size = 97976, upload-time = "2026-03-25T20:21:39.316Z" },
    { url = "https://files.pythonhosted.org/packages/6a/1e/71dfd96bcc1c775420cb8befe7a9d35f2e5b1309798f009dca17b7708c1e/tomli-2.4.1-cp313-cp313-win_amd64.whl", hash = "sha256:8d65a2fbf9d2f8352685bc1364177ee3923d6baf5e7f43ea4959d7d8bc326a36", size = 108755, upload-time = "2026-03-25T20:21:40.248Z" },
    { url = "https://files.pythonhosted.org/packages/83/7a/d34f422a021d62420b78f5c538e5b102f62bea616d1d75a13f0a88acb04a/tomli-2.4.1-cp313-cp313-win_arm64.whl", hash = "sha256:4b605484e43cdc43f0954ddae319fb75f04cc10dd80d830540060ee7cd0243cd", size = 95265, upload-time = "2026-03-25T20:21:41.219Z" },
    { url = "https://files.pythonhosted.org/packages/3c/fb/9a5c8d27dbab540869f7c1f8eb0abb3244189ce780ba9cd73f3770662072/tomli-2.4.1-cp314-cp314-macosx_10_15_x86_64.whl", hash = "sha256:fd0409a3653af6c147209d267a0e4243f0ae46b011aa978b1080359fddc9b6cf", size = 155726, upload-time = "2026-03-25T20:21:42.23Z" },
    { url = "https://files.pythonhosted.org/packages/62/05/d2f816630cc771ad836af54f5001f47a6f611d2d39535364f148b6a92d6b/tomli-2.4.1-cp314-cp314-macosx_11_0_arm64.whl", hash = "sha256:a120733b01c45e9a0c34aeef92bf0cf1d56cfe81ed9d47d562f9ed591a9828ac", size = 149859, upload-time = "2026-03-25T20:21:43.386Z" },
    { url = "https://files.pythonhosted.org/packages/ce/48/66341bdb858ad9bd0ceab5a86f90eddab127cf8b046418009f2125630ecb/tomli-2.4.1-cp314-cp314-manylinux2014_aarch64.manylinux_2_17_aarch64.manylinux_2_28_aarch64.whl", hash = "sha256:559db847dc486944896521f68d8190be1c9e719fced785720d2216fe7022b662", size = 244713, upload-time = "2026-03-25T20:21:44.474Z" },
    { url = "https://files.pythonhosted.org/packages/df/6d/c5fad00d82b3c7a3ab6189bd4b10e60466f22cfe8a08a9394185c8a8111c/tomli-2.4.1-cp314-cp314-manylinux2014_x86_64.manylinux_2_17_x86_64.manylinux_2_28_x86_64.whl", hash = "sha256:01f520d4f53ef97964a240a035ec2a869fe1a37dde002b57ebc4417a27ccd853", size = 252084, upload-time = "2026-03-25T20:21:45.62Z" },
    { url = "https://files.pythonhosted.org/packages/00/71/3a69e86f3eafe8c7a59d008d245888051005bd657760e96d5fbfb0b740c2/tomli-2.4.1-cp314-cp314-musllinux_1_2_aarch64.whl", hash = "sha256:7f94b27a62cfad8496c8d2513e1a222dd446f095fca8987fceef261225538a15", size = 247973, upload-time = "2026-03-25T20:21:46.937Z" },
    { url = "https://files.pythonhosted.org/packages/67/50/361e986652847fec4bd5e4a0208752fbe64689c603c7ae5ea7cb16b1c0ca/tomli-2.4.1-cp314-cp314-musllinux_1_2_x86_64.whl", hash = "sha256:ede3e6487c5ef5d28634ba3f31f989030ad6af71edfb0055cbbd14189ff240ba", size = 256223, upload-time = "2026-03-25T20:21:48.467Z" },
    { url = "https://files.pythonhosted.org/packages/8c/9a/b4173689a9203472e5467217e0154b00e260621caa227b6fa01feab16998/tomli-2.4.1-cp314-cp314-win32.whl", hash = "sha256:3d48a93ee1c9b79c04bb38772ee1b64dcf18ff43085896ea460ca8dec96f35f6", size = 98973, upload-time = "2026-03-25T20:21:49.526Z" },
    { url = "https://files.pythonhosted.org/packages/14/58/640ac93bf230cd27d002462c9af0d837779f8773bc03dee06b5835208214/tomli-2.4.1-cp314-cp314-win_amd64.whl", hash = "sha256:88dceee75c2c63af144e456745e10101eb67361050196b0b6af5d717254dddf7", size = 109082, upload-time = "2026-03-25T20:21:50.506Z" },
    { url = "https://files.pythonhosted.org/packages/d5/2f/702d5e05b227401c1068f0d386d79a589bb12bf64c3d2c72ce0631e3bc49/tomli-2.4.1-cp314-cp314-win_arm64.whl", hash = "sha256:b8c198f8c1805dc42708689ed6864951fd2494f924149d3e4bce7710f8eb5232", size = 96490, upload-time = "2026-03-25T20:21:51.474Z" },
    { url = "https://files.pythonhosted.org/packages/45/4b/b877b05c8ba62927d9865dd980e34a755de541eb65fffba52b4cc495d4d2/tomli-2.4.1-cp314-cp314t-macosx_10_15_x86_64.whl", hash = "sha256:d4d8fe59808a54658fcc0160ecfb1b30f9089906c50b23bcb4c69eddc19ec2b4", size = 164263, upload-time = "2026-03-25T20:21:52.543Z" },
    { url = "https://files.pythonhosted.org/packages/24/79/6ab420d37a270b89f7195dec5448f79400d9e9c1826df982f3f8e97b24fd/tomli-2.4.1-cp314-cp314t-macosx_11_0_arm64.whl", hash = "sha256:7008df2e7655c495dd12d2a4ad038ff878d4ca4b81fccaf82b714e07eae4402c", size = 160736, upload-time = "2026-03-25T20:21:53.674Z" },
    { url = "https://files.pythonhosted.org/packages/02/e0/3630057d8eb170310785723ed5adcdfb7d50cb7e6455f85ba8a3deed642b/tomli-2.4.1-cp314-cp314t-manylinux2014_aarch64.manylinux_2_17_aarch64.manylinux_2_28_aarch64.whl", hash = "sha256:1d8591993e228b0c930c4bb0db464bdad97b3289fb981255d6c9a41aedc84b2d", size = 270717, upload-time = "2026-03-25T20:21:55.129Z" },
    { url = "https://files.pythonhosted.org/packages/7a/b4/1613716072e544d1a7891f548d8f9ec6ce2faf42ca65acae01d76ea06bb0/tomli-2.4.1-cp314-cp314t-manylinux2014_x86_64.manylinux_2_17_x86_64.manylinux_2_28_x86_64.whl", hash = "sha256:734e20b57ba95624ecf1841e72b53f6e186355e216e5412de414e3c51e5e3c41", size = 278461, upload-time = "2026-03-25T20:21:56.228Z" },
    { url = "https://files.pythonhosted.org/packages/05/38/30f541baf6a3f6df77b3df16b01ba319221389e2da59427e221ef417ac0c/tomli-2.4.1-cp314-cp314t-musllinux_1_2_aarch64.whl", hash = "sha256:8a650c2dbafa08d42e51ba0b62740dae4ecb9338eefa093aa5c78ceb546fcd5c", size = 274855, upload-time = "2026-03-25T20:21:57.653Z" },
    { url = "https://files.pythonhosted.org/packages/77/a3/ec9dd4fd2c38e98de34223b995a3b34813e6bdadf86c75314c928350ed14/tomli-2.4.1-cp314-cp314t-musllinux_1_2_x86_64.whl", hash = "sha256:504aa796fe0569bb43171066009ead363de03675276d2d121ac1a4572397870f", size = 283144, upload-time = "2026-03-25T20:21:59.089Z" },
    { url = "https://files.pythonhosted.org/packages/ef/be/605a6261cac79fba2ec0c9827e986e00323a1945700969b8ee0b30d85453/tomli-2.4.1-cp314-cp314t-win32.whl", hash = "sha256:b1d22e6e9387bf4739fbe23bfa80e93f6b0373a7f1b96c6227c32bef95a4d7a8", size = 108683, upload-time = "2026-03-25T20:22:00.214Z" },
    { url = "https://files.pythonhosted.org/packages/12/64/da524626d3b9cc40c168a13da8335fe1c51be12c0a63685cc6db7308daae/tomli-2.4.1-cp314-cp314t-win_amd64.whl", hash = "sha256:2c1c351919aca02858f740c6d33adea0c5deea37f9ecca1cc1ef9e884a619d26", size = 121196, upload-time = "2026-03-25T20:22:01.169Z" },
    { url = "https://files.pythonhosted.org/packages/5a/cd/e80b62269fc78fc36c9af5a6b89c835baa8af28ff5ad28c7028d60860320/tomli-2.4.1-cp314-cp314t-win_arm64.whl", hash = "sha256:eab21f45c7f66c13f2a9e0e1535309cee140182a9cdae1e041d02e47291e8396", size = 100393, upload-time = "2026-03-25T20:22:02.137Z" },
    { url = "https://files.pythonhosted.org/packages/7b/61/cceae43728b7de99d9b847560c262873a1f6c98202171fd5ed62640b494b/tomli-2.4.1-py3-none-any.whl", hash = "sha256:0d85819802132122da43cb86656f8d1f8c6587d54ae7dcaf30e90533028b49fe", size = 14583, upload-time = "2026-03-25T20:22:03.012Z" },
]

[[package]]
name = "typing-extensions"
version = "4.16.0"
source = { registry = "https://pypi.org/simple" }
sdist = { url = "https://files.pythonhosted.org/packages/f6/cc/6253133b5bb138fc3306cebfbda2c520f545d36b5be2c7255cc528bb45d6/typing_extensions-4.16.0.tar.gz", hash = "sha256:dc983d19a509c94dba722ee6abd33940f7c05a89e243c47e907eb4db6f1a43e5", size = 113555, upload-time = "2026-07-02T08:40:05.92Z" }
wheels = [
    { url = "https://files.pythonhosted.org/packages/49/d3/b8441a820a491ddfc024b0b0cf0393375b75ea13866d9c66727e54c2fc80/typing_extensions-4.16.0-py3-none-any.whl", hash = "sha256:481caa481374e813c1b176ada14e97f1f67a4539ce9cfeb3f350d78d6370c2e8", size = 45571, upload-time = "2026-07-02T08:40:04.659Z" },
]
